
Microsoft Visual Studio Solution File, Format Version 12.00
# Visual Studio Version 16
VisualStudioVersion = 16.0.31424.327
MinimumVisualStudioVersion = 10.0.40219.1
Project("{FAE04EC0-301F-11D3-BF4B-00C04F79EFBC}") = "VistaPoliza", "VistaPoliza\VistaPoliza.csproj", "{A05C35BF-4093-4C01-B66B-8B7B07119FD3}"
EndProject
Project("{FAE04EC0-301F-11D3-BF4B-00C04F79EFBC}") = "ControladorPoliza", "ControladorPoliza\ControladorPoliza.csproj", "{40429FC8-2A92-4D9A-A3BB-BAB23BDD5567}"
EndProject
Project("{FAE04EC0-301F-11D3-BF4B-00C04F79EFBC}") = "ModeloPoliza", "ModeloPoliza\ModeloPoliza.csproj", "{9B6E6E97-EF25-4AE4-8F0A-E90603707CE2}"
EndProject
Global
	GlobalSection(SolutionConfigurationPlatforms) = preSolution
		Debug|Any CPU = Debug|Any CPU
		Release|Any CPU = Release|Any CPU
	EndGlobalSection
	GlobalSection(ProjectConfigurationPlatforms) = postSolution
		{A05C35BF-4093-4C01-B66B-8B7B07119FD3}.Debug|Any CPU.ActiveCfg = Debug|Any CPU
		{A05C35BF-4093-4C01-B66B-8B7B07119FD3}.Debug|Any CPU.Build.0 = Debug|Any CPU
		{A05C35BF-4093-4C01-B66B-8B7B07119FD3}.Release|Any CPU.ActiveCfg = Release|Any CPU
		{A05C35BF-4093-4C01-B66B-8B7B07119FD3}.Release|Any CPU.Build.0 = Release|Any CPU
		{40429FC8-2A92-4D9A-A3BB-BAB23BDD5567}.Debug|Any CPU.ActiveCfg = Debug|Any CPU
		{40429FC8-2A92-4D9A-A3BB-BAB23BDD5567}.Debug|Any CPU.Build.0 = Debug|Any CPU
		{40429FC8-2A92-4D9A-A3BB-BAB23BDD5567}.Release|Any CPU.ActiveCfg = Release|Any CPU
		{40429FC8-2A92-4D9A-A3BB-BAB23BDD5567}.Release|Any CPU.Build.0 = Release|Any CPU
		{9B6E6E97-EF25-4AE4-8F0A-E90603707CE2}.Debug|Any CPU.ActiveCfg = Debug|Any CPU
		{9B6E6E97-EF25-4AE4-8F0A-E90603707CE2}.Debug|Any CPU.Build.0 = Debug|Any CPU
		{9B6E6E97-EF25-4AE4-8F0A-E90603707CE2}.Release|Any CPU.ActiveCfg = Release|Any CPU
		{9B6E6E97-EF25-4AE4-8F0A-E90603707CE2}.Release|Any CPU.Build.0 = Release|Any CPU
	EndGlobalSection
	GlobalSection(SolutionProperties) = preSolution
		HideSolutionNode = FALSE
	EndGlobalSection
	GlobalSection(ExtensibilityGlobals) = postSolution
		SolutionGuid = {7CB85780-FA28-4195-8EEE-4BDAD1BA7D30}
	EndGlobalSection
EndGlobal
